
Microsoft Visual Studio Solution File, Format Version 12.00
# Visual Studio 15
VisualStudioVersion = 15.0.26730.16
MinimumVisualStudioVersion = 10.0.40219.1
Project("{FAE04EC0-301F-11D3-BF4B-00C04F79EFBC}") = "ProxyUnsetter", "ProxyUnsetter\ProxyUnsetter.csproj", "{E39399E7-BEDE-4531-B906-5C3B9E0D7B15}"
EndProject
Global
	GlobalSection(SolutionConfigurationPlatforms) = preSolution
		Debug|Any CPU = Debug|Any CPU
		Release|Any CPU = Release|Any CPU
	EndGlobalSection
	GlobalSection(ProjectConfigurationPlatforms) = postSolution
		{E39399E7-BEDE-4531-B906-5C3B9E0D7B15}.Debug|Any CPU.ActiveCfg = Debug|Any CPU
		{E39399E7-BEDE-4531-B906-5C3B9E0D7B15}.Debug|Any CPU.Build.0 = Debug|Any CPU
		{E39399E7-BEDE-4531-B906-5C3B9E0D7B15}.Release|Any CPU.ActiveCfg = Release|Any CPU
		{E39399E7-BEDE-4531-B906-5C3B9E0D7B15}.Release|Any CPU.Build.0 = Release|Any CPU
	EndGlobalSection
	GlobalSection(SolutionProperties) = preSolution
		HideSolutionNode = FALSE
	EndGlobalSection
	GlobalSection(ExtensibilityGlobals) = postSolution
		SolutionGuid = {1BDEED92-33F1-4DEE-8B19-BE13199D2BE9}
	EndGlobalSection
EndGlobal
